{
  "name": "@iamhaymc/neural",
  "version": "1.1.0-alpha",
  "lockfileVersion": 2,
  "requires": true,
  "packages": {
    "": {
      "name": "@iamhaymc/neural",
      "version": "1.1.0-alpha",
      "license": "MIT",
      "devDependencies": {
        "convnetjs2": "^2.0.6"
      }
    },
    "node_modules/convnetjs2": {
      "version": "2.0.6",
      "resolved": "https://registry.npmjs.org/convnetjs2/-/convnetjs2-2.0.6.tgz",
      "integrity": "sha512-e9JRETNbYpUhbXhewJEZ4knAvlfabOn7yDcpzhI7XSwHwDJTBFI2ihMB5JcAhsars4gNYhzOkn8dP8exUoHSLQ==",
      "dev": true
    }
  },
  "dependencies": {
    "convnetjs2": {
      "version": "2.0.6",
      "resolved": "https://registry.npmjs.org/convnetjs2/-/convnetjs2-2.0.6.tgz",
      "integrity": "sha512-e9JRETNbYpUhbXhewJEZ4knAvlfabOn7yDcpzhI7XSwHwDJTBFI2ihMB5JcAhsars4gNYhzOkn8dP8exUoHSLQ==",
      "dev": true
    }
  }
}
